
Microsoft Visual Studio Solution File, Format Version 12.00
# Visual Studio Version 16
VisualStudioVersion = 16.0.32126.315
MinimumVisualStudioVersion = 10.0.40219.1
Project("{FAE04EC0-301F-11D3-BF4B-00C04F79EFBC}") = "AvancNetLabb3", "AvancNetLabb3\AvancNetLabb3.csproj", "{FEC9992A-4C37-48F9-A35E-AF53832E43CA}"
EndProject
Global
	GlobalSection(SolutionConfigurationPlatforms) = preSolution
		Debug|Any CPU = Debug|Any CPU
		Release|Any CPU = Release|Any CPU
	EndGlobalSection
	GlobalSection(ProjectConfigurationPlatforms) = postSolution
		{FEC9992A-4C37-48F9-A35E-AF53832E43CA}.Debug|Any CPU.ActiveCfg = Debug|Any CPU
		{FEC9992A-4C37-48F9-A35E-AF53832E43CA}.Debug|Any CPU.Build.0 = Debug|Any CPU
		{FEC9992A-4C37-48F9-A35E-AF53832E43CA}.Release|Any CPU.ActiveCfg = Release|Any CPU
		{FEC9992A-4C37-48F9-A35E-AF53832E43CA}.Release|Any CPU.Build.0 = Release|Any CPU
	EndGlobalSection
	GlobalSection(SolutionProperties) = preSolution
		HideSolutionNode = FALSE
	EndGlobalSection
	GlobalSection(ExtensibilityGlobals) = postSolution
		SolutionGuid = {6EA412F0-0661-4706-9986-EE6DDB15026A}
	EndGlobalSection
EndGlobal
